
Microsoft Visual Studio Solution File, Format Version 12.00
# Visual Studio Version 16
VisualStudioVersion = 16.0.31613.86
MinimumVisualStudioVersion = 10.0.40219.1
Project("{FAE04EC0-301F-11D3-BF4B-00C04F79EFBC}") = "EjerciciosIniciales", "EjerciciosIniciales\EjerciciosIniciales.csproj", "{A972640E-D5BE-4CFF-B5A5-0886CB8393EA}"
EndProject
Global
	GlobalSection(SolutionConfigurationPlatforms) = preSolution
		Debug|Any CPU = Debug|Any CPU
		Release|Any CPU = Release|Any CPU
	EndGlobalSection
	GlobalSection(ProjectConfigurationPlatforms) = postSolution
		{A972640E-D5BE-4CFF-B5A5-0886CB8393EA}.Debug|Any CPU.ActiveCfg = Debug|Any CPU
		{A972640E-D5BE-4CFF-B5A5-0886CB8393EA}.Debug|Any CPU.Build.0 = Debug|Any CPU
		{A972640E-D5BE-4CFF-B5A5-0886CB8393EA}.Release|Any CPU.ActiveCfg = Release|Any CPU
		{A972640E-D5BE-4CFF-B5A5-0886CB8393EA}.Release|Any CPU.Build.0 = Release|Any CPU
	EndGlobalSection
	GlobalSection(SolutionProperties) = preSolution
		HideSolutionNode = FALSE
	EndGlobalSection
	GlobalSection(ExtensibilityGlobals) = postSolution
		SolutionGuid = {1C7EA45A-80C5-429C-8268-D2A46951B588}
	EndGlobalSection
EndGlobal
